PODS:
  - AppAuth (1.7.5):
    - AppAuth/Core (= 1.7.5)
    - AppAuth/ExternalUserAgent (= 1.7.5)
  - AppAuth/Core (1.7.5)
  - AppAuth/ExternalUserAgent (1.7.5):
    - AppAuth/Core
  - GoogleSignIn (7.1.0):
    - AppAuth (< 2.0, >= 1.7.3)
    - GTMAppAuth (< 5.0, >= 4.1.1)
    - GTMSessionFetcher/Core (~> 3.3)
  - GTMAppAuth (4.1.1):
    - AppAuth/Core (~> 1.7)
    - GTMSessionFetcher/Core (< 4.0, >= 3.3)
  - GTMSessionFetcher/Core (3.4.1)
  - IQKeyboardManager (6.5.18)
  - Kingfisher (7.11.0)
  - mailcore2-ios (0.6.4)
  - Spring (1.0.6)

DEPENDENCIES:
  - GoogleSignIn
  - IQKeyboardManager
  - Kingfisher
  - mailcore2-ios
  - Spring (from `https://github.com/MengTo/Spring.git`, branch `swift5`)

SPEC REPOS:
  trunk:
    - AppAuth
    - GoogleSignIn
    - GTMAppAuth
    - GTMSessionFetcher
    - IQKeyboardManager
    - Kingfisher
    - mailcore2-ios

EXTERNAL SOURCES:
  Spring:
    :branch: swift5
    :git: https://github.com/MengTo/Spring.git

CHECKOUT OPTIONS:
  Spring:
    :commit: 459b979c4335d4178fb05771019f6dda916f6998
    :git: https://github.com/MengTo/Spring.git

SPEC CHECKSUMS:
  AppAuth: 501c04eda8a8d11f179dbe8637b7a91bb7e5d2fa
  GoogleSignIn: d4281ab6cf21542b1cfaff85c191f230b399d2db
  GTMAppAuth: f69bd07d68cd3b766125f7e072c45d7340dea0de
  GTMSessionFetcher: 8000756fc1c19d2e5697b90311f7832d2e33f6cd
  IQKeyboardManager: 67f92bb29b650c094c40bd11c0545b47bdd25c5b
  Kingfisher: b9c985d864d43515f404f1ef4a8ce7d802ace3ac
  mailcore2-ios: 3ff0be2fa553d4da9c11d39c11d51863c768f24f
  Spring: 3d113f14575ef79aec9c5f906dfa4f5001c03254

PODFILE CHECKSUM: cfb5ae61896a13ab835b133a381d3b3d6312590f

COCOAPODS: 1.14.3
