// !$*UTF8*$!
{
	archiveVersion = 1;
	classes = {
	};
	objectVersion = 56;
	objects = {

/* Begin PBXBuildFile section */
		154707B89A2FA903796E7FA8 /* Pods_MemoriaFlora.framework in Frameworks */ = {isa = PBXBuildFile; fileRef = 6D52F71F7EFF9FBF5BB447F1 /* Pods_MemoriaFlora.framework */; };
		AEFB1A4846F215EF4E20019A /* Pods_MemoriaFlora_MemoriaFloraUITests.framework in Frameworks */ = {isa = PBXBuildFile; fileRef = 21BC7685BA240764E4F7D6AA /* Pods_MemoriaFlora_MemoriaFloraUITests.framework */; };
		D93C5A81368D7F2DB8114860 /* Pods_MemoriaFloraTests.framework in Frameworks */ = {isa = PBXBuildFile; fileRef = 3420AE3A18AF81D3FA920A2D /* Pods_MemoriaFloraTests.framework */; };
		E405EAD02BD1BFCD005C8673 /* SF-Pro-Text-Heavy.otf in Resources */ = {isa = PBXBuildFile; fileRef = E405EAC32BD1BFCD005C8673 /* SF-Pro-Text-Heavy.otf */; };
		E405EAD12BD1BFCD005C8673 /* SF-Pro-Text-MediumItalic.otf in Resources */ = {isa = PBXBuildFile; fileRef = E405EAC42BD1BFCD005C8673 /* SF-Pro-Text-MediumItalic.otf */; };
		E405EAD22BD1BFCD005C8673 /* SF-Pro-Text-Light.otf in Resources */ = {isa = PBXBuildFile; fileRef = E405EAC52BD1BFCD005C8673 /* SF-Pro-Text-Light.otf */; };
		E405EAD32BD1BFCD005C8673 /* SF-Pro-Text-Regular.otf in Resources */ = {isa = PBXBuildFile; fileRef = E405EAC62BD1BFCD005C8673 /* SF-Pro-Text-Regular.otf */; };
		E405EAD42BD1BFCD005C8673 /* SF-Pro-Text-Bold.otf in Resources */ = {isa = PBXBuildFile; fileRef = E405EAC72BD1BFCD005C8673 /* SF-Pro-Text-Bold.otf */; };
		E405EAD52BD1BFCD005C8673 /* SF-Pro-Text-BoldItalic.otf in Resources */ = {isa = PBXBuildFile; fileRef = E405EAC82BD1BFCD005C8673 /* SF-Pro-Text-BoldItalic.otf */; };
		E405EAD62BD1BFCD005C8673 /* SF-Pro-Text-RegularItalic.otf in Resources */ = {isa = PBXBuildFile; fileRef = E405EAC92BD1BFCD005C8673 /* SF-Pro-Text-RegularItalic.otf */; };
		E405EAD72BD1BFCD005C8673 /* SF-Pro-Text-Semibold.otf in Resources */ = {isa = PBXBuildFile; fileRef = E405EACA2BD1BFCD005C8673 /* SF-Pro-Text-Semibold.otf */; };
		E405EAD82BD1BFCD005C8673 /* SF-Pro-Text-HeavyItalic.otf in Resources */ = {isa = PBXBuildFile; fileRef = E405EACB2BD1BFCD005C8673 /* SF-Pro-Text-HeavyItalic.otf */; };
		E405EAD92BD1BFCD005C8673 /* SF-Pro-Text-LightItalic.otf in Resources */ = {isa = PBXBuildFile; fileRef = E405EACC2BD1BFCD005C8673 /* SF-Pro-Text-LightItalic.otf */; };
		E405EADA2BD1BFCD005C8673 /* SF-Pro-Text-Medium.otf in Resources */ = {isa = PBXBuildFile; fileRef = E405EACD2BD1BFCD005C8673 /* SF-Pro-Text-Medium.otf */; };
		E405EADB2BD1BFCD005C8673 /* SF-Pro-Text-Regular.ttf in Resources */ = {isa = PBXBuildFile; fileRef = E405EACE2BD1BFCD005C8673 /* SF-Pro-Text-Regular.ttf */; };
		E405EADC2BD1BFCD005C8673 /* SF-Pro-Text-SemiboldItalic.otf in Resources */ = {isa = PBXBuildFile; fileRef = E405EACF2BD1BFCD005C8673 /* SF-Pro-Text-SemiboldItalic.otf */; };
		E405EADE2BD1C2D2005C8673 /* LoginViewController.swift in Sources */ = {isa = PBXBuildFile; fileRef = E405EADD2BD1C2D2005C8673 /* LoginViewController.swift */; };
		E405EAE02BD1C2DA005C8673 /* SignupViewController.swift in Sources */ = {isa = PBXBuildFile; fileRef = E405EADF2BD1C2DA005C8673 /* SignupViewController.swift */; };
		E405EAE22BD1C2E5005C8673 /* ForgotPasswordViewController.swift in Sources */ = {isa = PBXBuildFile; fileRef = E405EAE12BD1C2E5005C8673 /* ForgotPasswordViewController.swift */; };
		E44686A62BCDCDCC001DF89B /* AppDelegate.swift in Sources */ = {isa = PBXBuildFile; fileRef = E44686A52BCDCDCC001DF89B /* AppDelegate.swift */; };
		E44686A82BCDCDCC001DF89B /* SceneDelegate.swift in Sources */ = {isa = PBXBuildFile; fileRef = E44686A72BCDCDCC001DF89B /* SceneDelegate.swift */; };
		E44686AA2BCDCDCC001DF89B /* ViewController.swift in Sources */ = {isa = PBXBuildFile; fileRef = E44686A92BCDCDCC001DF89B /* ViewController.swift */; };
		E44686AD2BCDCDCC001DF89B /* Main.storyboard in Resources */ = {isa = PBXBuildFile; fileRef = E44686AB2BCDCDCC001DF89B /* Main.storyboard */; };
		E44686AF2BCDCDCF001DF89B /* Assets.xcassets in Resources */ = {isa = PBXBuildFile; fileRef = E44686AE2BCDCDCF001DF89B /* Assets.xcassets */; };
		E44686B22BCDCDCF001DF89B /* LaunchScreen.storyboard in Resources */ = {isa = PBXBuildFile; fileRef = E44686B02BCDCDCF001DF89B /* LaunchScreen.storyboard */; };
		E44686BD2BCDCDD0001DF89B /* MemoriaFloraTests.swift in Sources */ = {isa = PBXBuildFile; fileRef = E44686BC2BCDCDD0001DF89B /* MemoriaFloraTests.swift */; };
		E44686C72BCDCDD0001DF89B /* MemoriaFloraUITests.swift in Sources */ = {isa = PBXBuildFile; fileRef = E44686C62BCDCDD0001DF89B /* MemoriaFloraUITests.swift */; };
		E44686C92BCDCDD0001DF89B /* MemoriaFloraUITestsLaunchTests.swift in Sources */ = {isa = PBXBuildFile; fileRef = E44686C82BCDCDD0001DF89B /* MemoriaFloraUITestsLaunchTests.swift */; };
/* End PBXBuildFile section */

/* Begin PBXContainerItemProxy section */
		E44686B92BCDCDD0001DF89B /* PBXContainerItemProxy */ = {
			isa = PBXContainerItemProxy;
			containerPortal = E446869A2BCDCDCC001DF89B /* Project object */;
			proxyType = 1;
			remoteGlobalIDString = E44686A12BCDCDCC001DF89B;
			remoteInfo = MemoriaFlora;
		};
		E44686C32BCDCDD0001DF89B /* PBXContainerItemProxy */ = {
			isa = PBXContainerItemProxy;
			containerPortal = E446869A2BCDCDCC001DF89B /* Project object */;
			proxyType = 1;
			remoteGlobalIDString = E44686A12BCDCDCC001DF89B;
			remoteInfo = MemoriaFlora;
		};
/* End PBXContainerItemProxy section */

/* Begin PBXFileReference section */
		169007E1CD9FFA86208F5AC9 /* Pods-MemoriaFlora.debug.xcconfig */ = {isa = PBXFileReference; includeInIndex = 1; lastKnownFileType = text.xcconfig; name = "Pods-MemoriaFlora.debug.xcconfig"; path = "Target Support Files/Pods-MemoriaFlora/Pods-MemoriaFlora.debug.xcconfig"; sourceTree = "<group>"; };
		21BC7685BA240764E4F7D6AA /* Pods_MemoriaFlora_MemoriaFloraUITests.framework */ = {isa = PBXFileReference; explicitFileType = wrapper.framework; includeInIndex = 0; path = Pods_MemoriaFlora_MemoriaFloraUITests.framework; sourceTree = BUILT_PRODUCTS_DIR; };
		3420AE3A18AF81D3FA920A2D /* Pods_MemoriaFloraTests.framework */ = {isa = PBXFileReference; explicitFileType = wrapper.framework; includeInIndex = 0; path = Pods_MemoriaFloraTests.framework; sourceTree = BUILT_PRODUCTS_DIR; };
		59CFCA346796DD43053A4382 /* Pods-MemoriaFloraTests.debug.xcconfig */ = {isa = PBXFileReference; includeInIndex = 1; lastKnownFileType = text.xcconfig; name = "Pods-MemoriaFloraTests.debug.xcconfig"; path = "Target Support Files/Pods-MemoriaFloraTests/Pods-MemoriaFloraTests.debug.xcconfig"; sourceTree = "<group>"; };
		6D52F71F7EFF9FBF5BB447F1 /* Pods_MemoriaFlora.framework */ = {isa = PBXFileReference; explicitFileType = wrapper.framework; includeInIndex = 0; path = Pods_MemoriaFlora.framework; sourceTree = BUILT_PRODUCTS_DIR; };
		7F47D59EF42972E083955293 /* Pods-MemoriaFloraTests.release.xcconfig */ = {isa = PBXFileReference; includeInIndex = 1; lastKnownFileType = text.xcconfig; name = "Pods-MemoriaFloraTests.release.xcconfig"; path = "Target Support Files/Pods-MemoriaFloraTests/Pods-MemoriaFloraTests.release.xcconfig"; sourceTree = "<group>"; };
		8F316B30844F3BAF676ADE20 /* Pods-MemoriaFlora.release.xcconfig */ = {isa = PBXFileReference; includeInIndex = 1; lastKnownFileType = text.xcconfig; name = "Pods-MemoriaFlora.release.xcconfig"; path = "Target Support Files/Pods-MemoriaFlora/Pods-MemoriaFlora.release.xcconfig"; sourceTree = "<group>"; };
		AFAFB4B60D984440ABDF6470 /* Pods-MemoriaFlora-MemoriaFloraUITests.debug.xcconfig */ = {isa = PBXFileReference; includeInIndex = 1; lastKnownFileType = text.xcconfig; name = "Pods-MemoriaFlora-MemoriaFloraUITests.debug.xcconfig"; path = "Target Support Files/Pods-MemoriaFlora-MemoriaFloraUITests/Pods-MemoriaFlora-MemoriaFloraUITests.debug.xcconfig"; sourceTree = "<group>"; };
		D1C81F643ECC4A4153759809 /* Pods-MemoriaFlora-MemoriaFloraUITests.release.xcconfig */ = {isa = PBXFileReference; includeInIndex = 1; lastKnownFileType = text.xcconfig; name = "Pods-MemoriaFlora-MemoriaFloraUITests.release.xcconfig"; path = "Target Support Files/Pods-MemoriaFlora-MemoriaFloraUITests/Pods-MemoriaFlora-MemoriaFloraUITests.release.xcconfig"; sourceTree = "<group>"; };
		E405EAC32BD1BFCD005C8673 /* SF-Pro-Text-Heavy.otf */ = {isa = PBXFileReference; lastKnownFileType = file; path = "SF-Pro-Text-Heavy.otf"; sourceTree = "<group>"; };
		E405EAC42BD1BFCD005C8673 /* SF-Pro-Text-MediumItalic.otf */ = {isa = PBXFileReference; lastKnownFileType = file; path = "SF-Pro-Text-MediumItalic.otf"; sourceTree = "<group>"; };
		E405EAC52BD1BFCD005C8673 /* SF-Pro-Text-Light.otf */ = {isa = PBXFileReference; lastKnownFileType = file; path = "SF-Pro-Text-Light.otf"; sourceTree = "<group>"; };
		E405EAC62BD1BFCD005C8673 /* SF-Pro-Text-Regular.otf */ = {isa = PBXFileReference; lastKnownFileType = file; path = "SF-Pro-Text-Regular.otf"; sourceTree = "<group>"; };
		E405EAC72BD1BFCD005C8673 /* SF-Pro-Text-Bold.otf */ = {isa = PBXFileReference; lastKnownFileType = file; path = "SF-Pro-Text-Bold.otf"; sourceTree = "<group>"; };
		E405EAC82BD1BFCD005C8673 /* SF-Pro-Text-BoldItalic.otf */ = {isa = PBXFileReference; lastKnownFileType = file; path = "SF-Pro-Text-BoldItalic.otf"; sourceTree = "<group>"; };
		E405EAC92BD1BFCD005C8673 /* SF-Pro-Text-RegularItalic.otf */ = {isa = PBXFileReference; lastKnownFileType = file; path = "SF-Pro-Text-RegularItalic.otf"; sourceTree = "<group>"; };
		E405EACA2BD1BFCD005C8673 /* SF-Pro-Text-Semibold.otf */ = {isa = PBXFileReference; lastKnownFileType = file; path = "SF-Pro-Text-Semibold.otf"; sourceTree = "<group>"; };
		E405EACB2BD1BFCD005C8673 /* SF-Pro-Text-HeavyItalic.otf */ = {isa = PBXFileReference; lastKnownFileType = file; path = "SF-Pro-Text-HeavyItalic.otf"; sourceTree = "<group>"; };
		E405EACC2BD1BFCD005C8673 /* SF-Pro-Text-LightItalic.otf */ = {isa = PBXFileReference; lastKnownFileType = file; path = "SF-Pro-Text-LightItalic.otf"; sourceTree = "<group>"; };
		E405EACD2BD1BFCD005C8673 /* SF-Pro-Text-Medium.otf */ = {isa = PBXFileReference; lastKnownFileType = file; path = "SF-Pro-Text-Medium.otf"; sourceTree = "<group>"; };
		E405EACE2BD1BFCD005C8673 /* SF-Pro-Text-Regular.ttf */ = {isa = PBXFileReference; lastKnownFileType = file; path = "SF-Pro-Text-Regular.ttf"; sourceTree = "<group>"; };
		E405EACF2BD1BFCD005C8673 /* SF-Pro-Text-SemiboldItalic.otf */ = {isa = PBXFileReference; lastKnownFileType = file; path = "SF-Pro-Text-SemiboldItalic.otf"; sourceTree = "<group>"; };
		E405EADD2BD1C2D2005C8673 /* LoginViewController.swift */ = {isa = PBXFileReference; lastKnownFileType = sourcecode.swift; path = LoginViewController.swift; sourceTree = "<group>"; };
		E405EADF2BD1C2DA005C8673 /* SignupViewController.swift */ = {isa = PBXFileReference; lastKnownFileType = sourcecode.swift; path = SignupViewController.swift; sourceTree = "<group>"; };
		E405EAE12BD1C2E5005C8673 /* ForgotPasswordViewController.swift */ = {isa = PBXFileReference; lastKnownFileType = sourcecode.swift; path = ForgotPasswordViewController.swift; sourceTree = "<group>"; };
		E44686A22BCDCDCC001DF89B /* MemoriaFlora.app */ = {isa = PBXFileReference; explicitFileType = wrapper.application; includeInIndex = 0; path = MemoriaFlora.app; sourceTree = BUILT_PRODUCTS_DIR; };
		E44686A52BCDCDCC001DF89B /* AppDelegate.swift */ = {isa = PBXFileReference; lastKnownFileType = sourcecode.swift; path = AppDelegate.swift; sourceTree = "<group>"; };
		E44686A72BCDCDCC001DF89B /* SceneDelegate.swift */ = {isa = PBXFileReference; lastKnownFileType = sourcecode.swift; path = SceneDelegate.swift; sourceTree = "<group>"; };
		E44686A92BCDCDCC001DF89B /* ViewController.swift */ = {isa = PBXFileReference; lastKnownFileType = sourcecode.swift; path = ViewController.swift; sourceTree = "<group>"; };
		E44686AC2BCDCDCC001DF89B /* Base */ = {isa = PBXFileReference; lastKnownFileType = file.storyboard; name = Base; path = Base.lproj/Main.storyboard; sourceTree = "<group>"; };
		E44686AE2BCDCDCF001DF89B /* Assets.xcassets */ = {isa = PBXFileReference; lastKnownFileType = folder.assetcatalog; path = Assets.xcassets; sourceTree = "<group>"; };
		E44686B12BCDCDCF001DF89B /* Base */ = {isa = PBXFileReference; lastKnownFileType = file.storyboard; name = Base; path = Base.lproj/LaunchScreen.storyboard; sourceTree = "<group>"; };
		E44686B32BCDCDCF001DF89B /* Info.plist */ = {isa = PBXFileReference; lastKnownFileType = text.plist.xml; path = Info.plist; sourceTree = "<group>"; };
		E44686B82BCDCDD0001DF89B /* MemoriaFloraTests.xctest */ = {isa = PBXFileReference; explicitFileType = wrapper.cfbundle; includeInIndex = 0; path = MemoriaFloraTests.xctest; sourceTree = BUILT_PRODUCTS_DIR; };
		E44686BC2BCDCDD0001DF89B /* MemoriaFloraTests.swift */ = {isa = PBXFileReference; lastKnownFileType = sourcecode.swift; path = MemoriaFloraTests.swift; sourceTree = "<group>"; };
		E44686C22BCDCDD0001DF89B /* MemoriaFloraUITests.xctest */ = {isa = PBXFileReference; explicitFileType = wrapper.cfbundle; includeInIndex = 0; path = MemoriaFloraUITests.xctest; sourceTree = BUILT_PRODUCTS_DIR; };
		E44686C62BCDCDD0001DF89B /* MemoriaFloraUITests.swift */ = {isa = PBXFileReference; lastKnownFileType = sourcecode.swift; path = MemoriaFloraUITests.swift; sourceTree = "<group>"; };
		E44686C82BCDCDD0001DF89B /* MemoriaFloraUITestsLaunchTests.swift */ = {isa = PBXFileReference; lastKnownFileType = sourcecode.swift; path = MemoriaFloraUITestsLaunchTests.swift; sourceTree = "<group>"; };
/* End PBXFileReference section */

/* Begin PBXFrameworksBuildPhase section */
		E446869F2BCDCDCC001DF89B /* Frameworks */ = {
			isa = PBXFrameworksBuildPhase;
			buildActionMask = 2147483647;
			files = (
				154707B89A2FA903796E7FA8 /* Pods_MemoriaFlora.framework in Frameworks */,
			);
			runOnlyForDeploymentPostprocessing = 0;
		};
		E44686B52BCDCDD0001DF89B /* Frameworks */ = {
			isa = PBXFrameworksBuildPhase;
			buildActionMask = 2147483647;
			files = (
				D93C5A81368D7F2DB8114860 /* Pods_MemoriaFloraTests.framework in Frameworks */,
			);
			runOnlyForDeploymentPostprocessing = 0;
		};
		E44686BF2BCDCDD0001DF89B /* Frameworks */ = {
			isa = PBXFrameworksBuildPhase;
			buildActionMask = 2147483647;
			files = (
				AEFB1A4846F215EF4E20019A /* Pods_MemoriaFlora_MemoriaFloraUITests.framework in Frameworks */,
			);
			runOnlyForDeploymentPostprocessing = 0;
		};
/* End PBXFrameworksBuildPhase section */

/* Begin PBXGroup section */
		132971A7D80C0AB2259F4AB3 /* Pods */ = {
			isa = PBXGroup;
			children = (
				169007E1CD9FFA86208F5AC9 /* Pods-MemoriaFlora.debug.xcconfig */,
				8F316B30844F3BAF676ADE20 /* Pods-MemoriaFlora.release.xcconfig */,
				AFAFB4B60D984440ABDF6470 /* Pods-MemoriaFlora-MemoriaFloraUITests.debug.xcconfig */,
				D1C81F643ECC4A4153759809 /* Pods-MemoriaFlora-MemoriaFloraUITests.release.xcconfig */,
				59CFCA346796DD43053A4382 /* Pods-MemoriaFloraTests.debug.xcconfig */,
				7F47D59EF42972E083955293 /* Pods-MemoriaFloraTests.release.xcconfig */,
			);
			path = Pods;
			sourceTree = "<group>";
		};
		BA94137A7A99AA1D53B85E5F /* Frameworks */ = {
			isa = PBXGroup;
			children = (
				6D52F71F7EFF9FBF5BB447F1 /* Pods_MemoriaFlora.framework */,
				21BC7685BA240764E4F7D6AA /* Pods_MemoriaFlora_MemoriaFloraUITests.framework */,
				3420AE3A18AF81D3FA920A2D /* Pods_MemoriaFloraTests.framework */,
			);
			name = Frameworks;
			sourceTree = "<group>";
		};
		E405EAC22BD1BFCD005C8673 /* SF-Text */ = {
			isa = PBXGroup;
			children = (
				E405EAC32BD1BFCD005C8673 /* SF-Pro-Text-Heavy.otf */,
				E405EAC42BD1BFCD005C8673 /* SF-Pro-Text-MediumItalic.otf */,
				E405EAC52BD1BFCD005C8673 /* SF-Pro-Text-Light.otf */,
				E405EAC62BD1BFCD005C8673 /* SF-Pro-Text-Regular.otf */,
				E405EAC72BD1BFCD005C8673 /* SF-Pro-Text-Bold.otf */,
				E405EAC82BD1BFCD005C8673 /* SF-Pro-Text-BoldItalic.otf */,
				E405EAC92BD1BFCD005C8673 /* SF-Pro-Text-RegularItalic.otf */,
				E405EACA2BD1BFCD005C8673 /* SF-Pro-Text-Semibold.otf */,
				E405EACB2BD1BFCD005C8673 /* SF-Pro-Text-HeavyItalic.otf */,
				E405EACC2BD1BFCD005C8673 /* SF-Pro-Text-LightItalic.otf */,
				E405EACD2BD1BFCD005C8673 /* SF-Pro-Text-Medium.otf */,
				E405EACE2BD1BFCD005C8673 /* SF-Pro-Text-Regular.ttf */,
				E405EACF2BD1BFCD005C8673 /* SF-Pro-Text-SemiboldItalic.otf */,
			);
			path = "SF-Text";
			sourceTree = "<group>";
		};
		E44686992BCDCDCC001DF89B = {
			isa = PBXGroup;
			children = (
				E44686A42BCDCDCC001DF89B /* MemoriaFlora */,
				E44686BB2BCDCDD0001DF89B /* MemoriaFloraTests */,
				E44686C52BCDCDD0001DF89B /* MemoriaFloraUITests */,
				E44686A32BCDCDCC001DF89B /* Products */,
				132971A7D80C0AB2259F4AB3 /* Pods */,
				BA94137A7A99AA1D53B85E5F /* Frameworks */,
			);
			sourceTree = "<group>";
		};
		E44686A32BCDCDCC001DF89B /* Products */ = {
			isa = PBXGroup;
			children = (
				E44686A22BCDCDCC001DF89B /* MemoriaFlora.app */,
				E44686B82BCDCDD0001DF89B /* MemoriaFloraTests.xctest */,
				E44686C22BCDCDD0001DF89B /* MemoriaFloraUITests.xctest */,
			);
			name = Products;
			sourceTree = "<group>";
		};
		E44686A42BCDCDCC001DF89B /* MemoriaFlora */ = {
			isa = PBXGroup;
			children = (
				E44686A52BCDCDCC001DF89B /* AppDelegate.swift */,
				E44686A72BCDCDCC001DF89B /* SceneDelegate.swift */,
				E44686A92BCDCDCC001DF89B /* ViewController.swift */,
				E44686AB2BCDCDCC001DF89B /* Main.storyboard */,
				E44686AE2BCDCDCF001DF89B /* Assets.xcassets */,
				E44686B02BCDCDCF001DF89B /* LaunchScreen.storyboard */,
				E405EAC22BD1BFCD005C8673 /* SF-Text */,
				E44686B32BCDCDCF001DF89B /* Info.plist */,
				E405EADD2BD1C2D2005C8673 /* LoginViewController.swift */,
				E405EADF2BD1C2DA005C8673 /* SignupViewController.swift */,
				E405EAE12BD1C2E5005C8673 /* ForgotPasswordViewController.swift */,
			);
			path = MemoriaFlora;
			sourceTree = "<group>";
		};
		E44686BB2BCDCDD0001DF89B /* MemoriaFloraTests */ = {
			isa = PBXGroup;
			children = (
				E44686BC2BCDCDD0001DF89B /* MemoriaFloraTests.swift */,
			);
			path = MemoriaFloraTests;
			sourceTree = "<group>";
		};
		E44686C52BCDCDD0001DF89B /* MemoriaFloraUITests */ = {
			isa = PBXGroup;
			children = (
				E44686C62BCDCDD0001DF89B /* MemoriaFloraUITests.swift */,
				E44686C82BCDCDD0001DF89B /* MemoriaFloraUITestsLaunchTests.swift */,
			);
			path = MemoriaFloraUITests;
			sourceTree = "<group>";
		};
/* End PBXGroup section */

/* Begin PBXNativeTarget section */
		E44686A12BCDCDCC001DF89B /* MemoriaFlora */ = {
			isa = PBXNativeTarget;
			buildConfigurationList = E44686CC2BCDCDD0001DF89B /* Build configuration list for PBXNativeTarget "MemoriaFlora" */;
			buildPhases = (
				9A289328C0CA0B8F45B943CE /* [CP] Check Pods Manifest.lock */,
				E446869E2BCDCDCC001DF89B /* Sources */,
				E446869F2BCDCDCC001DF89B /* Frameworks */,
				E44686A02BCDCDCC001DF89B /* Resources */,
				6545DC253E26D5CBEE0DBAC8 /* [CP] Embed Pods Frameworks */,
			);
			buildRules = (
			);
			dependencies = (
			);
			name = MemoriaFlora;
			productName = MemoriaFlora;
			productReference = E44686A22BCDCDCC001DF89B /* MemoriaFlora.app */;
			productType = "com.apple.product-type.application";
		};
		E44686B72BCDCDD0001DF89B /* MemoriaFloraTests */ = {
			isa = PBXNativeTarget;
			buildConfigurationList = E44686CF2BCDCDD0001DF89B /* Build configuration list for PBXNativeTarget "MemoriaFloraTests" */;
			buildPhases = (
				289347D72ED7177AA7EC4DA6 /* [CP] Check Pods Manifest.lock */,
				E44686B42BCDCDD0001DF89B /* Sources */,
				E44686B52BCDCDD0001DF89B /* Frameworks */,
				E44686B62BCDCDD0001DF89B /* Resources */,
			);
			buildRules = (
			);
			dependencies = (
				E44686BA2BCDCDD0001DF89B /* PBXTargetDependency */,
			);
			name = MemoriaFloraTests;
			productName = MemoriaFloraTests;
			productReference = E44686B82BCDCDD0001DF89B /* MemoriaFloraTests.xctest */;
			productType = "com.apple.product-type.bundle.unit-test";
		};
		E44686C12BCDCDD0001DF89B /* MemoriaFloraUITests */ = {
			isa = PBXNativeTarget;
			buildConfigurationList = E44686D22BCDCDD0001DF89B /* Build configuration list for PBXNativeTarget "MemoriaFloraUITests" */;
			buildPhases = (
				83BDA3B124FE7E67FDE759C6 /* [CP] Check Pods Manifest.lock */,
				E44686BE2BCDCDD0001DF89B /* Sources */,
				E44686BF2BCDCDD0001DF89B /* Frameworks */,
				E44686C02BCDCDD0001DF89B /* Resources */,
				4D8E458F79249DA317D63D4D /* [CP] Embed Pods Frameworks */,
			);
			buildRules = (
			);
			dependencies = (
				E44686C42BCDCDD0001DF89B /* PBXTargetDependency */,
			);
			name = MemoriaFloraUITests;
			productName = MemoriaFloraUITests;
			productReference = E44686C22BCDCDD0001DF89B /* MemoriaFloraUITests.xctest */;
			productType = "com.apple.product-type.bundle.ui-testing";
		};
/* End PBXNativeTarget section */

/* Begin PBXProject section */
		E446869A2BCDCDCC001DF89B /* Project object */ = {
			isa = PBXProject;
			attributes = {
				BuildIndependentTargetsInParallel = 1;
				LastSwiftUpdateCheck = 1520;
				LastUpgradeCheck = 1520;
				TargetAttributes = {
					E44686A12BCDCDCC001DF89B = {
						CreatedOnToolsVersion = 15.2;
					};
					E44686B72BCDCDD0001DF89B = {
						CreatedOnToolsVersion = 15.2;
						TestTargetID = E44686A12BCDCDCC001DF89B;
					};
					E44686C12BCDCDD0001DF89B = {
						CreatedOnToolsVersion = 15.2;
						TestTargetID = E44686A12BCDCDCC001DF89B;
					};
				};
			};
			buildConfigurationList = E446869D2BCDCDCC001DF89B /* Build configuration list for PBXProject "MemoriaFlora" */;
			compatibilityVersion = "Xcode 14.0";
			developmentRegion = en;
			hasScannedForEncodings = 0;
			knownRegions = (
				en,
				Base,
			);
			mainGroup = E44686992BCDCDCC001DF89B;
			productRefGroup = E44686A32BCDCDCC001DF89B /* Products */;
			projectDirPath = "";
			projectRoot = "";
			targets = (
				E44686A12BCDCDCC001DF89B /* MemoriaFlora */,
				E44686B72BCDCDD0001DF89B /* MemoriaFloraTests */,
				E44686C12BCDCDD0001DF89B /* MemoriaFloraUITests */,
			);
		};
/* End PBXProject section */

/* Begin PBXResourcesBuildPhase section */
		E44686A02BCDCDCC001DF89B /* Resources */ = {
			isa = PBXResourcesBuildPhase;
			buildActionMask = 2147483647;
			files = (
				E405EADC2BD1BFCD005C8673 /* SF-Pro-Text-SemiboldItalic.otf in Resources */,
				E405EAD12BD1BFCD005C8673 /* SF-Pro-Text-MediumItalic.otf in Resources */,
				E44686B22BCDCDCF001DF89B /* LaunchScreen.storyboard in Resources */,
				E405EAD62BD1BFCD005C8673 /* SF-Pro-Text-RegularItalic.otf in Resources */,
				E405EAD42BD1BFCD005C8673 /* SF-Pro-Text-Bold.otf in Resources */,
				E405EAD22BD1BFCD005C8673 /* SF-Pro-Text-Light.otf in Resources */,
				E44686AF2BCDCDCF001DF89B /* Assets.xcassets in Resources */,
				E405EADB2BD1BFCD005C8673 /* SF-Pro-Text-Regular.ttf in Resources */,
				E44686AD2BCDCDCC001DF89B /* Main.storyboard in Resources */,
				E405EAD02BD1BFCD005C8673 /* SF-Pro-Text-Heavy.otf in Resources */,
				E405EAD72BD1BFCD005C8673 /* SF-Pro-Text-Semibold.otf in Resources */,
				E405EAD92BD1BFCD005C8673 /* SF-Pro-Text-LightItalic.otf in Resources */,
				E405EAD52BD1BFCD005C8673 /* SF-Pro-Text-BoldItalic.otf in Resources */,
				E405EAD32BD1BFCD005C8673 /* SF-Pro-Text-Regular.otf in Resources */,
				E405EADA2BD1BFCD005C8673 /* SF-Pro-Text-Medium.otf in Resources */,
				E405EAD82BD1BFCD005C8673 /* SF-Pro-Text-HeavyItalic.otf in Resources */,
			);
			runOnlyForDeploymentPostprocessing = 0;
		};
		E44686B62BCDCDD0001DF89B /* Resources */ = {
			isa = PBXResourcesBuildPhase;
			buildActionMask = 2147483647;
			files = (
			);
			runOnlyForDeploymentPostprocessing = 0;
		};
		E44686C02BCDCDD0001DF89B /* Resources */ = {
			isa = PBXResourcesBuildPhase;
			buildActionMask = 2147483647;
			files = (
			);
			runOnlyForDeploymentPostprocessing = 0;
		};
/* End PBXResourcesBuildPhase section */

/* Begin PBXShellScriptBuildPhase section */
		289347D72ED7177AA7EC4DA6 /* [CP] Check Pods Manifest.lock */ = {
			isa = PBXShellScriptBuildPhase;
			buildActionMask = 2147483647;
			files = (
			);
			inputFileListPaths = (
			);
			inputPaths = (
				"${PODS_PODFILE_DIR_PATH}/Podfile.lock",
				"${PODS_ROOT}/Manifest.lock",
			);
			name = "[CP] Check Pods Manifest.lock";
			outputFileListPaths = (
			);
			outputPaths = (
				"$(DERIVED_FILE_DIR)/Pods-MemoriaFloraTests-checkManifestLockResult.txt",
			);
			runOnlyForDeploymentPostprocessing = 0;
			shellPath = /bin/sh;
			shellScript = "diff \"${PODS_PODFILE_DIR_PATH}/Podfile.lock\" \"${PODS_ROOT}/Manifest.lock\" > /dev/null\nif [ $? != 0 ] ; then\n    # print error to STDERR\n    echo \"error: The sandbox is not in sync with the Podfile.lock. Run 'pod install' or update your CocoaPods installation.\" >&2\n    exit 1\nfi\n# This output is used by Xcode 'outputs' to avoid re-running this script phase.\necho \"SUCCESS\" > \"${SCRIPT_OUTPUT_FILE_0}\"\n";
			showEnvVarsInLog = 0;
		};
		4D8E458F79249DA317D63D4D /* [CP] Embed Pods Frameworks */ = {
			isa = PBXShellScriptBuildPhase;
			buildActionMask = 2147483647;
			files = (
			);
			inputFileListPaths = (
				"${PODS_ROOT}/Target Support Files/Pods-MemoriaFlora-MemoriaFloraUITests/Pods-MemoriaFlora-MemoriaFloraUITests-frameworks-${CONFIGURATION}-input-files.xcfilelist",
			);
			name = "[CP] Embed Pods Frameworks";
			outputFileListPaths = (
				"${PODS_ROOT}/Target Support Files/Pods-MemoriaFlora-MemoriaFloraUITests/Pods-MemoriaFlora-MemoriaFloraUITests-frameworks-${CONFIGURATION}-output-files.xcfilelist",
			);
			runOnlyForDeploymentPostprocessing = 0;
			shellPath = /bin/sh;
			shellScript = "\"${PODS_ROOT}/Target Support Files/Pods-MemoriaFlora-MemoriaFloraUITests/Pods-MemoriaFlora-MemoriaFloraUITests-frameworks.sh\"\n";
			showEnvVarsInLog = 0;
		};
		6545DC253E26D5CBEE0DBAC8 /* [CP] Embed Pods Frameworks */ = {
			isa = PBXShellScriptBuildPhase;
			buildActionMask = 2147483647;
			files = (
			);
			inputFileListPaths = (
				"${PODS_ROOT}/Target Support Files/Pods-MemoriaFlora/Pods-MemoriaFlora-frameworks-${CONFIGURATION}-input-files.xcfilelist",
			);
			name = "[CP] Embed Pods Frameworks";
			outputFileListPaths = (
				"${PODS_ROOT}/Target Support Files/Pods-MemoriaFlora/Pods-MemoriaFlora-frameworks-${CONFIGURATION}-output-files.xcfilelist",
			);
			runOnlyForDeploymentPostprocessing = 0;
			shellPath = /bin/sh;
			shellScript = "\"${PODS_ROOT}/Target Support Files/Pods-MemoriaFlora/Pods-MemoriaFlora-frameworks.sh\"\n";
			showEnvVarsInLog = 0;
		};
		83BDA3B124FE7E67FDE759C6 /* [CP] Check Pods Manifest.lock */ = {
			isa = PBXShellScriptBuildPhase;
			buildActionMask = 2147483647;
			files = (
			);
			inputFileListPaths = (
			);
			inputPaths = (
				"${PODS_PODFILE_DIR_PATH}/Podfile.lock",
				"${PODS_ROOT}/Manifest.lock",
			);
			name = "[CP] Check Pods Manifest.lock";
			outputFileListPaths = (
			);
			outputPaths = (
				"$(DERIVED_FILE_DIR)/Pods-MemoriaFlora-MemoriaFloraUITests-checkManifestLockResult.txt",
			);
			runOnlyForDeploymentPostprocessing = 0;
			shellPath = /bin/sh;
			shellScript = "diff \"${PODS_PODFILE_DIR_PATH}/Podfile.lock\" \"${PODS_ROOT}/Manifest.lock\" > /dev/null\nif [ $? != 0 ] ; then\n    # print error to STDERR\n    echo \"error: The sandbox is not in sync with the Podfile.lock. Run 'pod install' or update your CocoaPods installation.\" >&2\n    exit 1\nfi\n# This output is used by Xcode 'outputs' to avoid re-running this script phase.\necho \"SUCCESS\" > \"${SCRIPT_OUTPUT_FILE_0}\"\n";
			showEnvVarsInLog = 0;
		};
		9A289328C0CA0B8F45B943CE /* [CP] Check Pods Manifest.lock */ = {
			isa = PBXShellScriptBuildPhase;
			buildActionMask = 2147483647;
			files = (
			);
			inputFileListPaths = (
			);
			inputPaths = (
				"${PODS_PODFILE_DIR_PATH}/Podfile.lock",
				"${PODS_ROOT}/Manifest.lock",
			);
			name = "[CP] Check Pods Manifest.lock";
			outputFileListPaths = (
			);
			outputPaths = (
				"$(DERIVED_FILE_DIR)/Pods-MemoriaFlora-checkManifestLockResult.txt",
			);
			runOnlyForDeploymentPostprocessing = 0;
			shellPath = /bin/sh;
			shellScript = "diff \"${PODS_PODFILE_DIR_PATH}/Podfile.lock\" \"${PODS_ROOT}/Manifest.lock\" > /dev/null\nif [ $? != 0 ] ; then\n    # print error to STDERR\n    echo \"error: The sandbox is not in sync with the Podfile.lock. Run 'pod install' or update your CocoaPods installation.\" >&2\n    exit 1\nfi\n# This output is used by Xcode 'outputs' to avoid re-running this script phase.\necho \"SUCCESS\" > \"${SCRIPT_OUTPUT_FILE_0}\"\n";
			showEnvVarsInLog = 0;
		};
/* End PBXShellScriptBuildPhase section */

/* Begin PBXSourcesBuildPhase section */
		E446869E2BCDCDCC001DF89B /* Sources */ = {
			isa = PBXSourcesBuildPhase;
			buildActionMask = 2147483647;
			files = (
				E405EADE2BD1C2D2005C8673 /* LoginViewController.swift in Sources */,
				E44686AA2BCDCDCC001DF89B /* ViewController.swift in Sources */,
				E405EAE22BD1C2E5005C8673 /* ForgotPasswordViewController.swift in Sources */,
				E405EAE02BD1C2DA005C8673 /* SignupViewController.swift in Sources */,
				E44686A62BCDCDCC001DF89B /* AppDelegate.swift in Sources */,
				E44686A82BCDCDCC001DF89B /* SceneDelegate.swift in Sources */,
			);
			runOnlyForDeploymentPostprocessing = 0;
		};
		E44686B42BCDCDD0001DF89B /* Sources */ = {
			isa = PBXSourcesBuildPhase;
			buildActionMask = 2147483647;
			files = (
				E44686BD2BCDCDD0001DF89B /* MemoriaFloraTests.swift in Sources */,
			);
			runOnlyForDeploymentPostprocessing = 0;
		};
		E44686BE2BCDCDD0001DF89B /* Sources */ = {
			isa = PBXSourcesBuildPhase;
			buildActionMask = 2147483647;
			files = (
				E44686C92BCDCDD0001DF89B /* MemoriaFloraUITestsLaunchTests.swift in Sources */,
				E44686C72BCDCDD0001DF89B /* MemoriaFloraUITests.swift in Sources */,
			);
			runOnlyForDeploymentPostprocessing = 0;
		};
/* End PBXSourcesBuildPhase section */

/* Begin PBXTargetDependency section */
		E44686BA2BCDCDD0001DF89B /* PBXTargetDependency */ = {
			isa = PBXTargetDependency;
			target = E44686A12BCDCDCC001DF89B /* MemoriaFlora */;
			targetProxy = E44686B92BCDCDD0001DF89B /* PBXContainerItemProxy */;
		};
		E44686C42BCDCDD0001DF89B /* PBXTargetDependency */ = {
			isa = PBXTargetDependency;
			target = E44686A12BCDCDCC001DF89B /* MemoriaFlora */;
			targetProxy = E44686C32BCDCDD0001DF89B /* PBXContainerItemProxy */;
		};
/* End PBXTargetDependency section */

/* Begin PBXVariantGroup section */
		E44686AB2BCDCDCC001DF89B /* Main.storyboard */ = {
			isa = PBXVariantGroup;
			children = (
				E44686AC2BCDCDCC001DF89B /* Base */,
			);
			name = Main.storyboard;
			sourceTree = "<group>";
		};
		E44686B02BCDCDCF001DF89B /* LaunchScreen.storyboard */ = {
			isa = PBXVariantGroup;
			children = (
				E44686B12BCDCDCF001DF89B /* Base */,
			);
			name = LaunchScreen.storyboard;
			sourceTree = "<group>";
		};
/* End PBXVariantGroup section */

/* Begin XCBuildConfiguration section */
		E44686CA2BCDCDD0001DF89B /* Debug */ = {
			isa = XCBuildConfiguration;
			buildSettings = {
				ALWAYS_SEARCH_USER_PATHS = NO;
				ASSETCATALOG_COMPILER_GENERATE_SWIFT_ASSET_SYMBOL_EXTENSIONS = YES;
				CLANG_ANALYZER_NONNULL = YES;
				CLANG_ANALYZER_NUMBER_OBJECT_CONVERSION = YES_AGGRESSIVE;
				CLANG_CXX_LANGUAGE_STANDARD = "gnu++20";
				CLANG_ENABLE_MODULES = YES;
				CLANG_ENABLE_OBJC_ARC = YES;
				CLANG_ENABLE_OBJC_WEAK = YES;
				CLANG_WARN_BLOCK_CAPTURE_AUTORELEASING = YES;
				CLANG_WARN_BOOL_CONVERSION = YES;
				CLANG_WARN_COMMA = YES;
				CLANG_WARN_CONSTANT_CONVERSION = YES;
				CLANG_WARN_DEPRECATED_OBJC_IMPLEMENTATIONS = YES;
				CLANG_WARN_DIRECT_OBJC_ISA_USAGE = YES_ERROR;
				CLANG_WARN_DOCUMENTATION_COMMENTS = YES;
				CLANG_WARN_EMPTY_BODY = YES;
				CLANG_WARN_ENUM_CONVERSION = YES;
				CLANG_WARN_INFINITE_RECURSION = YES;
				CLANG_WARN_INT_CONVERSION = YES;
				CLANG_WARN_NON_LITERAL_NULL_CONVERSION = YES;
				CLANG_WARN_OBJC_IMPLICIT_RETAIN_SELF = YES;
				CLANG_WARN_OBJC_LITERAL_CONVERSION = YES;
				CLANG_WARN_OBJC_ROOT_CLASS = YES_ERROR;
				CLANG_WARN_QUOTED_INCLUDE_IN_FRAMEWORK_HEADER = YES;
				CLANG_WARN_RANGE_LOOP_ANALYSIS = YES;
				CLANG_WARN_STRICT_PROTOTYPES = YES;
				CLANG_WARN_SUSPICIOUS_MOVE = YES;
				CLANG_WARN_UNGUARDED_AVAILABILITY = YES_AGGRESSIVE;
				CLANG_WARN_UNREACHABLE_CODE = YES;
				CLANG_WARN__DUPLICATE_METHOD_MATCH = YES;
				COPY_PHASE_STRIP = NO;
				DEBUG_INFORMATION_FORMAT = dwarf;
				ENABLE_STRICT_OBJC_MSGSEND = YES;
				ENABLE_TESTABILITY = YES;
				ENABLE_USER_SCRIPT_SANDBOXING = YES;
				GCC_C_LANGUAGE_STANDARD = gnu17;
				GCC_DYNAMIC_NO_PIC = NO;
				GCC_NO_COMMON_BLOCKS = YES;
				GCC_OPTIMIZATION_LEVEL = 0;
				GCC_PREPROCESSOR_DEFINITIONS = (
					"DEBUG=1",
					"$(inherited)",
				);
				GCC_WARN_64_TO_32_BIT_CONVERSION = YES;
				GCC_WARN_ABOUT_RETURN_TYPE = YES_ERROR;
				GCC_WARN_UNDECLARED_SELECTOR = YES;
				GCC_WARN_UNINITIALIZED_AUTOS = YES_AGGRESSIVE;
				GCC_WARN_UNUSED_FUNCTION = YES;
				GCC_WARN_UNUSED_VARIABLE = YES;
				IPHONEOS_DEPLOYMENT_TARGET = 13.0;
				LOCALIZATION_PREFERS_STRING_CATALOGS = YES;
				MTL_ENABLE_DEBUG_INFO = INCLUDE_SOURCE;
				MTL_FAST_MATH = YES;
				ONLY_ACTIVE_ARCH = YES;
				SDKROOT = iphoneos;
				SWIFT_ACTIVE_COMPILATION_CONDITIONS = "DEBUG $(inherited)";
				SWIFT_OPTIMIZATION_LEVEL = "-Onone";
			};
			name = Debug;
		};
		E44686CB2BCDCDD0001DF89B /* Release */ = {
			isa = XCBuildConfiguration;
			buildSettings = {
				ALWAYS_SEARCH_USER_PATHS = NO;
				ASSETCATALOG_COMPILER_GENERATE_SWIFT_ASSET_SYMBOL_EXTENSIONS = YES;
				CLANG_ANALYZER_NONNULL = YES;
				CLANG_ANALYZER_NUMBER_OBJECT_CONVERSION = YES_AGGRESSIVE;
				CLANG_CXX_LANGUAGE_STANDARD = "gnu++20";
				CLANG_ENABLE_MODULES = YES;
				CLANG_ENABLE_OBJC_ARC = YES;
				CLANG_ENABLE_OBJC_WEAK = YES;
				CLANG_WARN_BLOCK_CAPTURE_AUTORELEASING = YES;
				CLANG_WARN_BOOL_CONVERSION = YES;
				CLANG_WARN_COMMA = YES;
				CLANG_WARN_CONSTANT_CONVERSION = YES;
				CLANG_WARN_DEPRECATED_OBJC_IMPLEMENTATIONS = YES;
				CLANG_WARN_DIRECT_OBJC_ISA_USAGE = YES_ERROR;
				CLANG_WARN_DOCUMENTATION_COMMENTS = YES;
				CLANG_WARN_EMPTY_BODY = YES;
				CLANG_WARN_ENUM_CONVERSION = YES;
				CLANG_WARN_INFINITE_RECURSION = YES;
				CLANG_WARN_INT_CONVERSION = YES;
				CLANG_WARN_NON_LITERAL_NULL_CONVERSION = YES;
				CLANG_WARN_OBJC_IMPLICIT_RETAIN_SELF = YES;
				CLANG_WARN_OBJC_LITERAL_CONVERSION = YES;
				CLANG_WARN_OBJC_ROOT_CLASS = YES_ERROR;
				CLANG_WARN_QUOTED_INCLUDE_IN_FRAMEWORK_HEADER = YES;
				CLANG_WARN_RANGE_LOOP_ANALYSIS = YES;
				CLANG_WARN_STRICT_PROTOTYPES = YES;
				CLANG_WARN_SUSPICIOUS_MOVE = YES;
				CLANG_WARN_UNGUARDED_AVAILABILITY = YES_AGGRESSIVE;
				CLANG_WARN_UNREACHABLE_CODE = YES;
				CLANG_WARN__DUPLICATE_METHOD_MATCH = YES;
				COPY_PHASE_STRIP = NO;
				DEBUG_INFORMATION_FORMAT = "dwarf-with-dsym";
				ENABLE_NS_ASSERTIONS = NO;
				ENABLE_STRICT_OBJC_MSGSEND = YES;
				ENABLE_USER_SCRIPT_SANDBOXING = YES;
				GCC_C_LANGUAGE_STANDARD = gnu17;
				GCC_NO_COMMON_BLOCKS = YES;
				GCC_WARN_64_TO_32_BIT_CONVERSION = YES;
				GCC_WARN_ABOUT_RETURN_TYPE = YES_ERROR;
				GCC_WARN_UNDECLARED_SELECTOR = YES;
				GCC_WARN_UNINITIALIZED_AUTOS = YES_AGGRESSIVE;
				GCC_WARN_UNUSED_FUNCTION = YES;
				GCC_WARN_UNUSED_VARIABLE = YES;
				IPHONEOS_DEPLOYMENT_TARGET = 13.0;
				LOCALIZATION_PREFERS_STRING_CATALOGS = YES;
				MTL_ENABLE_DEBUG_INFO = NO;
				MTL_FAST_MATH = YES;
				SDKROOT = iphoneos;
				SWIFT_COMPILATION_MODE = wholemodule;
				VALIDATE_PRODUCT = YES;
			};
			name = Release;
		};
		E44686CD2BCDCDD0001DF89B /* Debug */ = {
			isa = XCBuildConfiguration;
			baseConfigurationReference = 169007E1CD9FFA86208F5AC9 /* Pods-MemoriaFlora.debug.xcconfig */;
			buildSettings = {
				ASSETCATALOG_COMPILER_APPICON_NAME = AppIcon;
				ASSETCATALOG_COMPILER_GLOBAL_ACCENT_COLOR_NAME = AccentColor;
				CODE_SIGN_STYLE = Automatic;
				CURRENT_PROJECT_VERSION = 1;
				ENABLE_USER_SCRIPT_SANDBOXING = NO;
				GENERATE_INFOPLIST_FILE = YES;
				INFOPLIST_FILE = MemoriaFlora/Info.plist;
				INFOPLIST_KEY_UIApplicationSupportsIndirectInputEvents = YES;
				INFOPLIST_KEY_UILaunchStoryboardName = LaunchScreen;
				INFOPLIST_KEY_UIMainStoryboardFile = Main;
				INFOPLIST_KEY_UIStatusBarHidden = NO;
				INFOPLIST_KEY_UIStatusBarStyle = UIStatusBarStyleDarkContent;
				INFOPLIST_KEY_UISupportedInterfaceOrientations = UIInterfaceOrientationPortrait;
				IPHONEOS_DEPLOYMENT_TARGET = 13.0;
				LD_RUNPATH_SEARCH_PATHS = (
					"$(inherited)",
					"@executable_path/Frameworks",
				);
				MARKETING_VERSION = 1.0;
				PRODUCT_BUNDLE_IDENTIFIER = com.MemoriaFlora.SparkFuse;
				PRODUCT_NAME = "$(TARGET_NAME)";
				SWIFT_EMIT_LOC_STRINGS = YES;
				SWIFT_VERSION = 5.0;
				TARGETED_DEVICE_FAMILY = "1,2";
			};
			name = Debug;
		};
		E44686CE2BCDCDD0001DF89B /* Release */ = {
			isa = XCBuildConfiguration;
			baseConfigurationReference = 8F316B30844F3BAF676ADE20 /* Pods-MemoriaFlora.release.xcconfig */;
			buildSettings = {
				ASSETCATALOG_COMPILER_APPICON_NAME = AppIcon;
				ASSETCATALOG_COMPILER_GLOBAL_ACCENT_COLOR_NAME = AccentColor;
				CODE_SIGN_STYLE = Automatic;
				CURRENT_PROJECT_VERSION = 1;
				ENABLE_USER_SCRIPT_SANDBOXING = NO;
				GENERATE_INFOPLIST_FILE = YES;
				INFOPLIST_FILE = MemoriaFlora/Info.plist;
				INFOPLIST_KEY_UIApplicationSupportsIndirectInputEvents = YES;
				INFOPLIST_KEY_UILaunchStoryboardName = LaunchScreen;
				INFOPLIST_KEY_UIMainStoryboardFile = Main;
				INFOPLIST_KEY_UIStatusBarHidden = NO;
				INFOPLIST_KEY_UIStatusBarStyle = UIStatusBarStyleDarkContent;
				INFOPLIST_KEY_UISupportedInterfaceOrientations = UIInterfaceOrientationPortrait;
				IPHONEOS_DEPLOYMENT_TARGET = 13.0;
				LD_RUNPATH_SEARCH_PATHS = (
					"$(inherited)",
					"@executable_path/Frameworks",
				);
				MARKETING_VERSION = 1.0;
				PRODUCT_BUNDLE_IDENTIFIER = com.MemoriaFlora.SparkFuse;
				PRODUCT_NAME = "$(TARGET_NAME)";
				SWIFT_EMIT_LOC_STRINGS = YES;
				SWIFT_VERSION = 5.0;
				TARGETED_DEVICE_FAMILY = "1,2";
			};
			name = Release;
		};
		E44686D02BCDCDD0001DF89B /* Debug */ = {
			isa = XCBuildConfiguration;
			baseConfigurationReference = 59CFCA346796DD43053A4382 /* Pods-MemoriaFloraTests.debug.xcconfig */;
			buildSettings = {
				ALWAYS_EMBED_SWIFT_STANDARD_LIBRARIES = YES;
				BUNDLE_LOADER = "$(TEST_HOST)";
				CODE_SIGN_STYLE = Automatic;
				CURRENT_PROJECT_VERSION = 1;
				GENERATE_INFOPLIST_FILE = YES;
				IPHONEOS_DEPLOYMENT_TARGET = 17.2;
				MARKETING_VERSION = 1.0;
				PRODUCT_BUNDLE_IDENTIFIER = com.MemoriaFlora.SparkFuse.MemoriaFloraTests;
				PRODUCT_NAME = "$(TARGET_NAME)";
				SWIFT_EMIT_LOC_STRINGS = NO;
				SWIFT_VERSION = 5.0;
				TARGETED_DEVICE_FAMILY = "1,2";
				TEST_HOST = "$(BUILT_PRODUCTS_DIR)/MemoriaFlora.app/$(BUNDLE_EXECUTABLE_FOLDER_PATH)/MemoriaFlora";
			};
			name = Debug;
		};
		E44686D12BCDCDD0001DF89B /* Release */ = {
			isa = XCBuildConfiguration;
			baseConfigurationReference = 7F47D59EF42972E083955293 /* Pods-MemoriaFloraTests.release.xcconfig */;
			buildSettings = {
				ALWAYS_EMBED_SWIFT_STANDARD_LIBRARIES = YES;
				BUNDLE_LOADER = "$(TEST_HOST)";
				CODE_SIGN_STYLE = Automatic;
				CURRENT_PROJECT_VERSION = 1;
				GENERATE_INFOPLIST_FILE = YES;
				IPHONEOS_DEPLOYMENT_TARGET = 17.2;
				MARKETING_VERSION = 1.0;
				PRODUCT_BUNDLE_IDENTIFIER = com.MemoriaFlora.SparkFuse.MemoriaFloraTests;
				PRODUCT_NAME = "$(TARGET_NAME)";
				SWIFT_EMIT_LOC_STRINGS = NO;
				SWIFT_VERSION = 5.0;
				TARGETED_DEVICE_FAMILY = "1,2";
				TEST_HOST = "$(BUILT_PRODUCTS_DIR)/MemoriaFlora.app/$(BUNDLE_EXECUTABLE_FOLDER_PATH)/MemoriaFlora";
			};
			name = Release;
		};
		E44686D32BCDCDD0001DF89B /* Debug */ = {
			isa = XCBuildConfiguration;
			baseConfigurationReference = AFAFB4B60D984440ABDF6470 /* Pods-MemoriaFlora-MemoriaFloraUITests.debug.xcconfig */;
			buildSettings = {
				ALWAYS_EMBED_SWIFT_STANDARD_LIBRARIES = YES;
				CODE_SIGN_STYLE = Automatic;
				CURRENT_PROJECT_VERSION = 1;
				GENERATE_INFOPLIST_FILE = YES;
				MARKETING_VERSION = 1.0;
				PRODUCT_BUNDLE_IDENTIFIER = com.MemoriaFlora.SparkFuse.MemoriaFloraUITests;
				PRODUCT_NAME = "$(TARGET_NAME)";
				SWIFT_EMIT_LOC_STRINGS = NO;
				SWIFT_VERSION = 5.0;
				TARGETED_DEVICE_FAMILY = "1,2";
				TEST_TARGET_NAME = MemoriaFlora;
			};
			name = Debug;
		};
		E44686D42BCDCDD0001DF89B /* Release */ = {
			isa = XCBuildConfiguration;
			baseConfigurationReference = D1C81F643ECC4A4153759809 /* Pods-MemoriaFlora-MemoriaFloraUITests.release.xcconfig */;
			buildSettings = {
				ALWAYS_EMBED_SWIFT_STANDARD_LIBRARIES = YES;
				CODE_SIGN_STYLE = Automatic;
				CURRENT_PROJECT_VERSION = 1;
				GENERATE_INFOPLIST_FILE = YES;
				MARKETING_VERSION = 1.0;
				PRODUCT_BUNDLE_IDENTIFIER = com.MemoriaFlora.SparkFuse.MemoriaFloraUITests;
				PRODUCT_NAME = "$(TARGET_NAME)";
				SWIFT_EMIT_LOC_STRINGS = NO;
				SWIFT_VERSION = 5.0;
				TARGETED_DEVICE_FAMILY = "1,2";
				TEST_TARGET_NAME = MemoriaFlora;
			};
			name = Release;
		};
/* End XCBuildConfiguration section */

/* Begin XCConfigurationList section */
		E446869D2BCDCDCC001DF89B /* Build configuration list for PBXProject "MemoriaFlora" */ = {
			isa = XCConfigurationList;
			buildConfigurations = (
				E44686CA2BCDCDD0001DF89B /* Debug */,
				E44686CB2BCDCDD0001DF89B /* Release */,
			);
			defaultConfigurationIsVisible = 0;
			defaultConfigurationName = Release;
		};
		E44686CC2BCDCDD0001DF89B /* Build configuration list for PBXNativeTarget "MemoriaFlora" */ = {
			isa = XCConfigurationList;
			buildConfigurations = (
				E44686CD2BCDCDD0001DF89B /* Debug */,
				E44686CE2BCDCDD0001DF89B /* Release */,
			);
			defaultConfigurationIsVisible = 0;
			defaultConfigurationName = Release;
		};
		E44686CF2BCDCDD0001DF89B /* Build configuration list for PBXNativeTarget "MemoriaFloraTests" */ = {
			isa = XCConfigurationList;
			buildConfigurations = (
				E44686D02BCDCDD0001DF89B /* Debug */,
				E44686D12BCDCDD0001DF89B /* Release */,
			);
			defaultConfigurationIsVisible = 0;
			defaultConfigurationName = Release;
		};
		E44686D22BCDCDD0001DF89B /* Build configuration list for PBXNativeTarget "MemoriaFloraUITests" */ = {
			isa = XCConfigurationList;
			buildConfigurations = (
				E44686D32BCDCDD0001DF89B /* Debug */,
				E44686D42BCDCDD0001DF89B /* Release */,
			);
			defaultConfigurationIsVisible = 0;
			defaultConfigurationName = Release;
		};
/* End XCConfigurationList section */
	};
	rootObject = E446869A2BCDCDCC001DF89B /* Project object */;
}
